// !$*UTF8*$!
{
	archiveVersion = 1;
	classes = {
	};
	objectVersion = 46;
	objects = {

/* Begin PBXBuildFile section */
		C9074F991BAF88910088EA1E /* AppDelegate.swift in Sources */ = {isa = PBXBuildFile; fileRef = C9074F981BAF88910088EA1E /* AppDelegate.swift */; };
		C9074F9B1BAF88910088EA1E /* FirstViewController.swift in Sources */ = {isa = PBXBuildFile; fileRef = C9074F9A1BAF88910088EA1E /* FirstViewController.swift */; };
		C9074F9D1BAF88910088EA1E /* SecondViewController.swift in Sources */ = {isa = PBXBuildFile; fileRef = C9074F9C1BAF88910088EA1E /* SecondViewController.swift */; };
		C9074FA01BAF88910088EA1E /* Main.storyboard in Resources */ = {isa = PBXBuildFile; fileRef = C9074F9E1BAF88910088EA1E /* Main.storyboard */; };
		C9074FA51BAF88910088EA1E /* LaunchScreen.storyboard in Resources */ = {isa = PBXBuildFile; fileRef = C9074FA31BAF88910088EA1E /* LaunchScreen.storyboard */; };
		C9074FBB1BAF88910088EA1E /* BubsUITests.swift in Sources */ = {isa = PBXBuildFile; fileRef = C9074FBA1BAF88910088EA1E /* BubsUITests.swift */; };
		C9074FCA1BAF90320088EA1E /* Bolts.framework in Frameworks */ = {isa = PBXBuildFile; fileRef = C9074FC91BAF90320088EA1E /* Bolts.framework */; settings = {ASSET_TAGS = (); }; };
		C9074FCC1BAF90450088EA1E /* Parse.framework in Frameworks */ = {isa = PBXBuildFile; fileRef = C9074FCB1BAF90450088EA1E /* Parse.framework */; settings = {ASSET_TAGS = (); }; };
		C9074FCF1BAF90640088EA1E /* ParseFacebookUtilsV4.framework in Frameworks */ = {isa = PBXBuildFile; fileRef = C9074FCD1BAF90640088EA1E /* ParseFacebookUtilsV4.framework */; settings = {ASSET_TAGS = (); }; };
		C9074FD01BAF90640088EA1E /* ParseUI.framework in Frameworks */ = {isa = PBXBuildFile; fileRef = C9074FCE1BAF90640088EA1E /* ParseUI.framework */; settings = {ASSET_TAGS = (); }; };
		C9074FD21BAF90950088EA1E /* Accounts.framework in Frameworks */ = {isa = PBXBuildFile; fileRef = C9074FD11BAF90950088EA1E /* Accounts.framework */; };
		C9074FD41BAF909D0088EA1E /* AudioToolbox.framework in Frameworks */ = {isa = PBXBuildFile; fileRef = C9074FD31BAF909D0088EA1E /* AudioToolbox.framework */; };
		C9074FD61BAF90A60088EA1E /* CFNetwork.framework in Frameworks */ = {isa = PBXBuildFile; fileRef = C9074FD51BAF90A60088EA1E /* CFNetwork.framework */; };
		C9074FD81BAF90AC0088EA1E /* CoreGraphics.framework in Frameworks */ = {isa = PBXBuildFile; fileRef = C9074FD71BAF90AC0088EA1E /* CoreGraphics.framework */; };
		C9074FDA1BAF90B30088EA1E /* CoreLocation.framework in Frameworks */ = {isa = PBXBuildFile; fileRef = C9074FD91BAF90B30088EA1E /* CoreLocation.framework */; };
		C9074FDC1BAF90BA0088EA1E /* QuartzCore.framework in Frameworks */ = {isa = PBXBuildFile; fileRef = C9074FDB1BAF90BA0088EA1E /* QuartzCore.framework */; };
		C9074FDE1BAF90C30088EA1E /* Security.framework in Frameworks */ = {isa = PBXBuildFile; fileRef = C9074FDD1BAF90C30088EA1E /* Security.framework */; };
		C9074FE01BAF90CA0088EA1E /* Social.framework in Frameworks */ = {isa = PBXBuildFile; fileRef = C9074FDF1BAF90CA0088EA1E /* Social.framework */; };
		C9074FE21BAF90D00088EA1E /* StoreKit.framework in Frameworks */ = {isa = PBXBuildFile; fileRef = C9074FE11BAF90D00088EA1E /* StoreKit.framework */; };
		C9074FE41BAF90DB0088EA1E /* SystemConfiguration.framework in Frameworks */ = {isa = PBXBuildFile; fileRef = C9074FE31BAF90DB0088EA1E /* SystemConfiguration.framework */; };
		C9074FE61BAF91050088EA1E /* libsqlite3.tbd in Frameworks */ = {isa = PBXBuildFile; fileRef = C9074FE51BAF91050088EA1E /* libsqlite3.tbd */; };
		C9074FF81BAFC1090088EA1E /* Images.xcassets in Resources */ = {isa = PBXBuildFile; fileRef = C9074FF71BAFC1090088EA1E /* Images.xcassets */; settings = {ASSET_TAGS = (); }; };
		C9074FFA1BAFC2FE0088EA1E /* MoreViewController.swift in Sources */ = {isa = PBXBuildFile; fileRef = C9074FF91BAFC2FE0088EA1E /* MoreViewController.swift */; settings = {ASSET_TAGS = (); }; };
		C9074FFE1BB5080E0088EA1E /* NewChildViewController.swift in Sources */ = {isa = PBXBuildFile; fileRef = C9074FFD1BB5080E0088EA1E /* NewChildViewController.swift */; settings = {ASSET_TAGS = (); }; };
		C9821F1B1BB476C100D1FDC5 /* FBSDKCoreKit.framework in Frameworks */ = {isa = PBXBuildFile; fileRef = C9821F181BB476C100D1FDC5 /* FBSDKCoreKit.framework */; settings = {ASSET_TAGS = (); }; };
		C9821F1C1BB476C100D1FDC5 /* FBSDKLoginKit.framework in Frameworks */ = {isa = PBXBuildFile; fileRef = C9821F191BB476C100D1FDC5 /* FBSDKLoginKit.framework */; settings = {ASSET_TAGS = (); }; };
		C9821F1D1BB476C100D1FDC5 /* FBSDKShareKit.framework in Frameworks */ = {isa = PBXBuildFile; fileRef = C9821F1A1BB476C100D1FDC5 /* FBSDKShareKit.framework */; settings = {ASSET_TAGS = (); }; };
		C9C18BD11BB5E92E0098291A /* OnboardingPageVC.swift in Sources */ = {isa = PBXBuildFile; fileRef = C9C18BD01BB5E92E0098291A /* OnboardingPageVC.swift */; settings = {ASSET_TAGS = (); }; };
		C9C18BD31BB5E9B40098291A /* IntroViewController.swift in Sources */ = {isa = PBXBuildFile; fileRef = C9C18BD21BB5E9B40098291A /* IntroViewController.swift */; settings = {ASSET_TAGS = (); }; };
		C9C18BD51BB5E9FB0098291A /* SignUpViewController.swift in Sources */ = {isa = PBXBuildFile; fileRef = C9C18BD41BB5E9FB0098291A /* SignUpViewController.swift */; settings = {ASSET_TAGS = (); }; };
/* End PBXBuildFile section */

/* Begin PBXContainerItemProxy section */
		C9074FB71BAF88910088EA1E /* PBXContainerItemProxy */ = {
			isa = PBXContainerItemProxy;
			containerPortal = C9074F8D1BAF88910088EA1E /* Project object */;
			proxyType = 1;
			remoteGlobalIDString = C9074F941BAF88910088EA1E;
			remoteInfo = Bubs;
		};
/* End PBXContainerItemProxy section */

/* Begin PBXFileReference section */
		C9074F951BAF88910088EA1E /* Bubs.app */ = {isa = PBXFileReference; explicitFileType = wrapper.application; includeInIndex = 0; path = Bubs.app; sourceTree = BUILT_PRODUCTS_DIR; };
		C9074F981BAF88910088EA1E /* AppDelegate.swift */ = {isa = PBXFileReference; lastKnownFileType = sourcecode.swift; path = AppDelegate.swift; sourceTree = "<group>"; };
		C9074F9A1BAF88910088EA1E /* FirstViewController.swift */ = {isa = PBXFileReference; lastKnownFileType = sourcecode.swift; path = FirstViewController.swift; sourceTree = "<group>"; };
		C9074F9C1BAF88910088EA1E /* SecondViewController.swift */ = {isa = PBXFileReference; lastKnownFileType = sourcecode.swift; path = SecondViewController.swift; sourceTree = "<group>"; };
		C9074F9F1BAF88910088EA1E /* Base */ = {isa = PBXFileReference; lastKnownFileType = file.storyboard; name = Base; path = Base.lproj/Main.storyboard; sourceTree = "<group>"; };
		C9074FA41BAF88910088EA1E /* Base */ = {isa = PBXFileReference; lastKnownFileType = file.storyboard; name = Base; path = Base.lproj/LaunchScreen.storyboard; sourceTree = "<group>"; };
		C9074FA61BAF88910088EA1E /* Info.plist */ = {isa = PBXFileReference; lastKnownFileType = text.plist.xml; path = Info.plist; sourceTree = "<group>"; };
		C9074FB61BAF88910088EA1E /* BubsUITests.xctest */ = {isa = PBXFileReference; explicitFileType = wrapper.cfbundle; includeInIndex = 0; path = BubsUITests.xctest; sourceTree = BUILT_PRODUCTS_DIR; };
		C9074FBA1BAF88910088EA1E /* BubsUITests.swift */ = {isa = PBXFileReference; lastKnownFileType = sourcecode.swift; path = BubsUITests.swift; sourceTree = "<group>"; };
		C9074FBC1BAF88910088EA1E /* Info.plist */ = {isa = PBXFileReference; lastKnownFileType = text.plist.xml; path = Info.plist; sourceTree = "<group>"; };
		C9074FC91BAF90320088EA1E /* Bolts.framework */ = {isa = PBXFileReference; lastKnownFileType = wrapper.framework; path = Bolts.framework; sourceTree = "<group>"; };
		C9074FCB1BAF90450088EA1E /* Parse.framework */ = {isa = PBXFileReference; lastKnownFileType = wrapper.framework; path = Parse.framework; sourceTree = "<group>"; };
		C9074FCD1BAF90640088EA1E /* ParseFacebookUtilsV4.framework */ = {isa = PBXFileReference; lastKnownFileType = wrapper.framework; path = ParseFacebookUtilsV4.framework; sourceTree = "<group>"; };
		C9074FCE1BAF90640088EA1E /* ParseUI.framework */ = {isa = PBXFileReference; lastKnownFileType = wrapper.framework; path = ParseUI.framework; sourceTree = "<group>"; };
		C9074FD11BAF90950088EA1E /* Accounts.framework */ = {isa = PBXFileReference; lastKnownFileType = wrapper.framework; name = Accounts.framework; path = System/Library/Frameworks/Accounts.framework; sourceTree = SDKROOT; };
		C9074FD31BAF909D0088EA1E /* AudioToolbox.framework */ = {isa = PBXFileReference; lastKnownFileType = wrapper.framework; name = AudioToolbox.framework; path = System/Library/Frameworks/AudioToolbox.framework; sourceTree = SDKROOT; };
		C9074FD51BAF90A60088EA1E /* CFNetwork.framework */ = {isa = PBXFileReference; lastKnownFileType = wrapper.framework; name = CFNetwork.framework; path = System/Library/Frameworks/CFNetwork.framework; sourceTree = SDKROOT; };
		C9074FD71BAF90AC0088EA1E /* CoreGraphics.framework */ = {isa = PBXFileReference; lastKnownFileType = wrapper.framework; name = CoreGraphics.framework; path = System/Library/Frameworks/CoreGraphics.framework; sourceTree = SDKROOT; };
		C9074FD91BAF90B30088EA1E /* CoreLocation.framework */ = {isa = PBXFileReference; lastKnownFileType = wrapper.framework; name = CoreLocation.framework; path = System/Library/Frameworks/CoreLocation.framework; sourceTree = SDKROOT; };
		C9074FDB1BAF90BA0088EA1E /* QuartzCore.framework */ = {isa = PBXFileReference; lastKnownFileType = wrapper.framework; name = QuartzCore.framework; path = System/Library/Frameworks/QuartzCore.framework; sourceTree = SDKROOT; };
		C9074FDD1BAF90C30088EA1E /* Security.framework */ = {isa = PBXFileReference; lastKnownFileType = wrapper.framework; name = Security.framework; path = System/Library/Frameworks/Security.framework; sourceTree = SDKROOT; };
		C9074FDF1BAF90CA0088EA1E /* Social.framework */ = {isa = PBXFileReference; lastKnownFileType = wrapper.framework; name = Social.framework; path = System/Library/Frameworks/Social.framework; sourceTree = SDKROOT; };
		C9074FE11BAF90D00088EA1E /* StoreKit.framework */ = {isa = PBXFileReference; lastKnownFileType = wrapper.framework; name = StoreKit.framework; path = System/Library/Frameworks/StoreKit.framework; sourceTree = SDKROOT; };
		C9074FE31BAF90DB0088EA1E /* SystemConfiguration.framework */ = {isa = PBXFileReference; lastKnownFileType = wrapper.framework; name = SystemConfiguration.framework; path = System/Library/Frameworks/SystemConfiguration.framework; sourceTree = SDKROOT; };
		C9074FE51BAF91050088EA1E /* libsqlite3.tbd */ = {isa = PBXFileReference; lastKnownFileType = "sourcecode.text-based-dylib-definition"; name = libsqlite3.tbd; path = usr/lib/libsqlite3.tbd; sourceTree = SDKROOT; };
		C9074FED1BAF99560088EA1E /* Bubs-Bridging-Header.h */ = {isa = PBXFileReference; lastKnownFileType = sourcecode.c.h; path = "Bubs-Bridging-Header.h"; sourceTree = "<group>"; };
		C9074FF71BAFC1090088EA1E /* Images.xcassets */ = {isa = PBXFileReference; lastKnownFileType = folder.assetcatalog; path = Images.xcassets; sourceTree = "<group>"; };
		C9074FF91BAFC2FE0088EA1E /* MoreViewController.swift */ = {isa = PBXFileReference; fileEncoding = 4; lastKnownFileType = sourcecode.swift; path = MoreViewController.swift; sourceTree = "<group>"; };
		C9074FFD1BB5080E0088EA1E /* NewChildViewController.swift */ = {isa = PBXFileReference; fileEncoding = 4; lastKnownFileType = sourcecode.swift; path = NewChildViewController.swift; sourceTree = "<group>"; };
		C9821F181BB476C100D1FDC5 /* FBSDKCoreKit.framework */ = {isa = PBXFileReference; lastKnownFileType = wrapper.framework; path = FBSDKCoreKit.framework; sourceTree = "<group>"; };
		C9821F191BB476C100D1FDC5 /* FBSDKLoginKit.framework */ = {isa = PBXFileReference; lastKnownFileType = wrapper.framework; path = FBSDKLoginKit.framework; sourceTree = "<group>"; };
		C9821F1A1BB476C100D1FDC5 /* FBSDKShareKit.framework */ = {isa = PBXFileReference; lastKnownFileType = wrapper.framework; path = FBSDKShareKit.framework; sourceTree = "<group>"; };
		C9C18BD01BB5E92E0098291A /* OnboardingPageVC.swift */ = {isa = PBXFileReference; fileEncoding = 4; lastKnownFileType = sourcecode.swift; path = OnboardingPageVC.swift; sourceTree = "<group>"; };
		C9C18BD21BB5E9B40098291A /* IntroViewController.swift */ = {isa = PBXFileReference; fileEncoding = 4; lastKnownFileType = sourcecode.swift; path = IntroViewController.swift; sourceTree = "<group>"; };
		C9C18BD41BB5E9FB0098291A /* SignUpViewController.swift */ = {isa = PBXFileReference; fileEncoding = 4; lastKnownFileType = sourcecode.swift; path = SignUpViewController.swift; sourceTree = "<group>"; };
/* End PBXFileReference section */

/* Begin PBXFrameworksBuildPhase section */
		C9074F921BAF88910088EA1E /* Frameworks */ = {
			isa = PBXFrameworksBuildPhase;
			buildActionMask = 2147483647;
			files = (
				C9821F1C1BB476C100D1FDC5 /* FBSDKLoginKit.framework in Frameworks */,
				C9074FE61BAF91050088EA1E /* libsqlite3.tbd in Frameworks */,
				C9074FE41BAF90DB0088EA1E /* SystemConfiguration.framework in Frameworks */,
				C9074FE21BAF90D00088EA1E /* StoreKit.framework in Frameworks */,
				C9074FE01BAF90CA0088EA1E /* Social.framework in Frameworks */,
				C9074FDE1BAF90C30088EA1E /* Security.framework in Frameworks */,
				C9074FDC1BAF90BA0088EA1E /* QuartzCore.framework in Frameworks */,
				C9074FDA1BAF90B30088EA1E /* CoreLocation.framework in Frameworks */,
				C9074FD81BAF90AC0088EA1E /* CoreGraphics.framework in Frameworks */,
				C9074FD61BAF90A60088EA1E /* CFNetwork.framework in Frameworks */,
				C9074FD41BAF909D0088EA1E /* AudioToolbox.framework in Frameworks */,
				C9074FD21BAF90950088EA1E /* Accounts.framework in Frameworks */,
				C9074FCC1BAF90450088EA1E /* Parse.framework in Frameworks */,
				C9074FCA1BAF90320088EA1E /* Bolts.framework in Frameworks */,
				C9821F1D1BB476C100D1FDC5 /* FBSDKShareKit.framework in Frameworks */,
				C9821F1B1BB476C100D1FDC5 /* FBSDKCoreKit.framework in Frameworks */,
				C9074FD01BAF90640088EA1E /* ParseUI.framework in Frameworks */,
				C9074FCF1BAF90640088EA1E /* ParseFacebookUtilsV4.framework in Frameworks */,
			);
			runOnlyForDeploymentPostprocessing = 0;
		};
		C9074FB31BAF88910088EA1E /* Frameworks */ = {
			isa = PBXFrameworksBuildPhase;
			buildActionMask = 2147483647;
			files = (
			);
			runOnlyForDeploymentPostprocessing = 0;
		};
/* End PBXFrameworksBuildPhase section */

/* Begin PBXGroup section */
		C9074F8C1BAF88910088EA1E = {
			isa = PBXGroup;
			children = (
				C9074F971BAF88910088EA1E /* Bubs */,
				C9074FB91BAF88910088EA1E /* BubsUITests */,
				C9074FC81BAF8FA90088EA1E /* Frameworks */,
				C9074F961BAF88910088EA1E /* Products */,
			);
			sourceTree = "<group>";
		};
		C9074F961BAF88910088EA1E /* Products */ = {
			isa = PBXGroup;
			children = (
				C9074F951BAF88910088EA1E /* Bubs.app */,
				C9074FB61BAF88910088EA1E /* BubsUITests.xctest */,
			);
			name = Products;
			sourceTree = "<group>";
		};
		C9074F971BAF88910088EA1E /* Bubs */ = {
			isa = PBXGroup;
			children = (
				C9074F981BAF88910088EA1E /* AppDelegate.swift */,
				C9074F9A1BAF88910088EA1E /* FirstViewController.swift */,
				C9074F9C1BAF88910088EA1E /* SecondViewController.swift */,
				C9074FF91BAFC2FE0088EA1E /* MoreViewController.swift */,
				C9074FFD1BB5080E0088EA1E /* NewChildViewController.swift */,
				C9074F9E1BAF88910088EA1E /* Main.storyboard */,
				C9C18BD21BB5E9B40098291A /* IntroViewController.swift */,
				C9C18BD41BB5E9FB0098291A /* SignUpViewController.swift */,
				C9C18BD01BB5E92E0098291A /* OnboardingPageVC.swift */,
				C9074FF71BAFC1090088EA1E /* Images.xcassets */,
				C9074FA31BAF88910088EA1E /* LaunchScreen.storyboard */,
				C9074FA61BAF88910088EA1E /* Info.plist */,
				C9074FED1BAF99560088EA1E /* Bubs-Bridging-Header.h */,
			);
			path = Bubs;
			sourceTree = "<group>";
		};
		C9074FB91BAF88910088EA1E /* BubsUITests */ = {
			isa = PBXGroup;
			children = (
				C9074FBA1BAF88910088EA1E /* BubsUITests.swift */,
				C9074FBC1BAF88910088EA1E /* Info.plist */,
			);
			path = BubsUITests;
			sourceTree = "<group>";
		};
		C9074FC81BAF8FA90088EA1E /* Frameworks */ = {
			isa = PBXGroup;
			children = (
				C9074FE51BAF91050088EA1E /* libsqlite3.tbd */,
				C9821F181BB476C100D1FDC5 /* FBSDKCoreKit.framework */,
				C9821F191BB476C100D1FDC5 /* FBSDKLoginKit.framework */,
				C9821F1A1BB476C100D1FDC5 /* FBSDKShareKit.framework */,
				C9074FE31BAF90DB0088EA1E /* SystemConfiguration.framework */,
				C9074FE11BAF90D00088EA1E /* StoreKit.framework */,
				C9074FDF1BAF90CA0088EA1E /* Social.framework */,
				C9074FDD1BAF90C30088EA1E /* Security.framework */,
				C9074FDB1BAF90BA0088EA1E /* QuartzCore.framework */,
				C9074FD91BAF90B30088EA1E /* CoreLocation.framework */,
				C9074FD71BAF90AC0088EA1E /* CoreGraphics.framework */,
				C9074FD51BAF90A60088EA1E /* CFNetwork.framework */,
				C9074FD31BAF909D0088EA1E /* AudioToolbox.framework */,
				C9074FD11BAF90950088EA1E /* Accounts.framework */,
				C9074FCD1BAF90640088EA1E /* ParseFacebookUtilsV4.framework */,
				C9074FCE1BAF90640088EA1E /* ParseUI.framework */,
				C9074FCB1BAF90450088EA1E /* Parse.framework */,
				C9074FC91BAF90320088EA1E /* Bolts.framework */,
			);
			name = Frameworks;
			sourceTree = "<group>";
		};
/* End PBXGroup section */

/* Begin PBXNativeTarget section */
		C9074F941BAF88910088EA1E /* Bubs */ = {
			isa = PBXNativeTarget;
			buildConfigurationList = C9074FBF1BAF88910088EA1E /* Build configuration list for PBXNativeTarget "Bubs" */;
			buildPhases = (
				C9074F911BAF88910088EA1E /* Sources */,
				C9074F921BAF88910088EA1E /* Frameworks */,
				C9074F931BAF88910088EA1E /* Resources */,
			);
			buildRules = (
			);
			dependencies = (
			);
			name = Bubs;
			productName = Bubs;
			productReference = C9074F951BAF88910088EA1E /* Bubs.app */;
			productType = "com.apple.product-type.application";
		};
		C9074FB51BAF88910088EA1E /* BubsUITests */ = {
			isa = PBXNativeTarget;
			buildConfigurationList = C9074FC51BAF88910088EA1E /* Build configuration list for PBXNativeTarget "BubsUITests" */;
			buildPhases = (
				C9074FB21BAF88910088EA1E /* Sources */,
				C9074FB31BAF88910088EA1E /* Frameworks */,
				C9074FB41BAF88910088EA1E /* Resources */,
			);
			buildRules = (
			);
			dependencies = (
				C9074FB81BAF88910088EA1E /* PBXTargetDependency */,
			);
			name = BubsUITests;
			productName = BubsUITests;
			productReference = C9074FB61BAF88910088EA1E /* BubsUITests.xctest */;
			productType = "com.apple.product-type.bundle.ui-testing";
		};
/* End PBXNativeTarget section */

/* Begin PBXProject section */
		C9074F8D1BAF88910088EA1E /* Project object */ = {
			isa = PBXProject;
			attributes = {
				LastSwiftUpdateCheck = 0700;
				LastUpgradeCheck = 0700;
				ORGANIZATIONNAME = "Matt Krueger";
				TargetAttributes = {
					C9074F941BAF88910088EA1E = {
						CreatedOnToolsVersion = 7.0;
					};
					C9074FB51BAF88910088EA1E = {
						CreatedOnToolsVersion = 7.0;
						TestTargetID = C9074F941BAF88910088EA1E;
					};
				};
			};
			buildConfigurationList = C9074F901BAF88910088EA1E /* Build configuration list for PBXProject "Bubs" */;
			compatibilityVersion = "Xcode 3.2";
			developmentRegion = English;
			hasScannedForEncodings = 0;
			knownRegions = (
				en,
				Base,
			);
			mainGroup = C9074F8C1BAF88910088EA1E;
			productRefGroup = C9074F961BAF88910088EA1E /* Products */;
			projectDirPath = "";
			projectRoot = "";
			targets = (
				C9074F941BAF88910088EA1E /* Bubs */,
				C9074FB51BAF88910088EA1E /* BubsUITests */,
			);
		};
/* End PBXProject section */

/* Begin PBXResourcesBuildPhase section */
		C9074F931BAF88910088EA1E /* Resources */ = {
			isa = PBXResourcesBuildPhase;
			buildActionMask = 2147483647;
			files = (
				C9074FF81BAFC1090088EA1E /* Images.xcassets in Resources */,
				C9074FA51BAF88910088EA1E /* LaunchScreen.storyboard in Resources */,
				C9074FA01BAF88910088EA1E /* Main.storyboard in Resources */,
			);
			runOnlyForDeploymentPostprocessing = 0;
		};
		C9074FB41BAF88910088EA1E /* Resources */ = {
			isa = PBXResourcesBuildPhase;
			buildActionMask = 2147483647;
			files = (
			);
			runOnlyForDeploymentPostprocessing = 0;
		};
/* End PBXResourcesBuildPhase section */

/* Begin PBXSourcesBuildPhase section */
		C9074F911BAF88910088EA1E /* Sources */ = {
			isa = PBXSourcesBuildPhase;
			buildActionMask = 2147483647;
			files = (
				C9C18BD11BB5E92E0098291A /* OnboardingPageVC.swift in Sources */,
				C9074F9D1BAF88910088EA1E /* SecondViewController.swift in Sources */,
				C9C18BD51BB5E9FB0098291A /* SignUpViewController.swift in Sources */,
				C9C18BD31BB5E9B40098291A /* IntroViewController.swift in Sources */,
				C9074FFE1BB5080E0088EA1E /* NewChildViewController.swift in Sources */,
				C9074FFA1BAFC2FE0088EA1E /* MoreViewController.swift in Sources */,
				C9074F991BAF88910088EA1E /* AppDelegate.swift in Sources */,
				C9074F9B1BAF88910088EA1E /* FirstViewController.swift in Sources */,
			);
			runOnlyForDeploymentPostprocessing = 0;
		};
		C9074FB21BAF88910088EA1E /* Sources */ = {
			isa = PBXSourcesBuildPhase;
			buildActionMask = 2147483647;
			files = (
				C9074FBB1BAF88910088EA1E /* BubsUITests.swift in Sources */,
			);
			runOnlyForDeploymentPostprocessing = 0;
		};
/* End PBXSourcesBuildPhase section */

/* Begin PBXTargetDependency section */
		C9074FB81BAF88910088EA1E /* PBXTargetDependency */ = {
			isa = PBXTargetDependency;
			target = C9074F941BAF88910088EA1E /* Bubs */;
			targetProxy = C9074FB71BAF88910088EA1E /* PBXContainerItemProxy */;
		};
/* End PBXTargetDependency section */

/* Begin PBXVariantGroup section */
		C9074F9E1BAF88910088EA1E /* Main.storyboard */ = {
			isa = PBXVariantGroup;
			children = (
				C9074F9F1BAF88910088EA1E /* Base */,
			);
			name = Main.storyboard;
			sourceTree = "<group>";
		};
		C9074FA31BAF88910088EA1E /* LaunchScreen.storyboard */ = {
			isa = PBXVariantGroup;
			children = (
				C9074FA41BAF88910088EA1E /* Base */,
			);
			name = LaunchScreen.storyboard;
			sourceTree = "<group>";
		};
/* End PBXVariantGroup section */

/* Begin XCBuildConfiguration section */
		C9074FBD1BAF88910088EA1E /* Debug */ = {
			isa = XCBuildConfiguration;
			buildSettings = {
				ALWAYS_SEARCH_USER_PATHS = NO;
				CLANG_CXX_LANGUAGE_STANDARD = "gnu++0x";
				CLANG_CXX_LIBRARY = "libc++";
				CLANG_ENABLE_MODULES = YES;
				CLANG_ENABLE_OBJC_ARC = YES;
				CLANG_WARN_BOOL_CONVERSION = YES;
				CLANG_WARN_CONSTANT_CONVERSION = YES;
				CLANG_WARN_DIRECT_OBJC_ISA_USAGE = YES_ERROR;
				CLANG_WARN_EMPTY_BODY = YES;
				CLANG_WARN_ENUM_CONVERSION = YES;
				CLANG_WARN_INT_CONVERSION = YES;
				CLANG_WARN_OBJC_ROOT_CLASS = YES_ERROR;
				CLANG_WARN_UNREACHABLE_CODE = YES;
				CLANG_WARN__DUPLICATE_METHOD_MATCH = YES;
				"CODE_SIGN_IDENTITY[sdk=iphoneos*]" = "iPhone Developer";
				COPY_PHASE_STRIP = NO;
				DEBUG_INFORMATION_FORMAT = dwarf;
				ENABLE_STRICT_OBJC_MSGSEND = YES;
				ENABLE_TESTABILITY = NO;
				GCC_C_LANGUAGE_STANDARD = gnu99;
				GCC_DYNAMIC_NO_PIC = NO;
				GCC_NO_COMMON_BLOCKS = YES;
				GCC_OPTIMIZATION_LEVEL = 0;
				GCC_PREPROCESSOR_DEFINITIONS = (
					"DEBUG=1",
					"$(inherited)",
				);
				GCC_WARN_64_TO_32_BIT_CONVERSION = YES;
				GCC_WARN_ABOUT_RETURN_TYPE = YES_ERROR;
				GCC_WARN_UNDECLARED_SELECTOR = YES;
				GCC_WARN_UNINITIALIZED_AUTOS = YES_AGGRESSIVE;
				GCC_WARN_UNUSED_FUNCTION = YES;
				GCC_WARN_UNUSED_VARIABLE = YES;
				IPHONEOS_DEPLOYMENT_TARGET = 9.0;
				MTL_ENABLE_DEBUG_INFO = YES;
				ONLY_ACTIVE_ARCH = YES;
				SDKROOT = iphoneos;
				SWIFT_OPTIMIZATION_LEVEL = "-Onone";
			};
			name = Debug;
		};
		C9074FBE1BAF88910088EA1E /* Release */ = {
			isa = XCBuildConfiguration;
			buildSettings = {
				ALWAYS_SEARCH_USER_PATHS = NO;
				CLANG_CXX_LANGUAGE_STANDARD = "gnu++0x";
				CLANG_CXX_LIBRARY = "libc++";
				CLANG_ENABLE_MODULES = YES;
				CLANG_ENABLE_OBJC_ARC = YES;
				CLANG_WARN_BOOL_CONVERSION = YES;
				CLANG_WARN_CONSTANT_CONVERSION = YES;
				CLANG_WARN_DIRECT_OBJC_ISA_USAGE = YES_ERROR;
				CLANG_WARN_EMPTY_BODY = YES;
				CLANG_WARN_ENUM_CONVERSION = YES;
				CLANG_WARN_INT_CONVERSION = YES;
				CLANG_WARN_OBJC_ROOT_CLASS = YES_ERROR;
				CLANG_WARN_UNREACHABLE_CODE = YES;
				CLANG_WARN__DUPLICATE_METHOD_MATCH = YES;
				"CODE_SIGN_IDENTITY[sdk=iphoneos*]" = "iPhone Developer";
				COPY_PHASE_STRIP = NO;
				DEBUG_INFORMATION_FORMAT = "dwarf-with-dsym";
				ENABLE_NS_ASSERTIONS = NO;
				ENABLE_STRICT_OBJC_MSGSEND = YES;
				GCC_C_LANGUAGE_STANDARD = gnu99;
				GCC_NO_COMMON_BLOCKS = YES;
				GCC_WARN_64_TO_32_BIT_CONVERSION = YES;
				GCC_WARN_ABOUT_RETURN_TYPE = YES_ERROR;
				GCC_WARN_UNDECLARED_SELECTOR = YES;
				GCC_WARN_UNINITIALIZED_AUTOS = YES_AGGRESSIVE;
				GCC_WARN_UNUSED_FUNCTION = YES;
				GCC_WARN_UNUSED_VARIABLE = YES;
				IPHONEOS_DEPLOYMENT_TARGET = 9.0;
				MTL_ENABLE_DEBUG_INFO = NO;
				SDKROOT = iphoneos;
				VALIDATE_PRODUCT = YES;
			};
			name = Release;
		};
		C9074FC01BAF88910088EA1E /* Debug */ = {
			isa = XCBuildConfiguration;
			buildSettings = {
				ASSETCATALOG_COMPILER_APPICON_NAME = AppIcon;
				CLANG_ENABLE_MODULES = YES;
				FRAMEWORK_SEARCH_PATHS = (
					"$(inherited)",
					"$(PROJECT_DIR)",
				);
				INFOPLIST_FILE = Bubs/Info.plist;
				LD_RUNPATH_SEARCH_PATHS = "$(inherited) @executable_path/Frameworks";
				PRODUCT_BUNDLE_IDENTIFIER = com.journeyjots.Bubs;
				PRODUCT_NAME = "$(TARGET_NAME)";
				SWIFT_OBJC_BRIDGING_HEADER = "Bubs/Bubs-Bridging-Header.h";
				SWIFT_OPTIMIZATION_LEVEL = "-Onone";
			};
			name = Debug;
		};
		C9074FC11BAF88910088EA1E /* Release */ = {
			isa = XCBuildConfiguration;
			buildSettings = {
				ASSETCATALOG_COMPILER_APPICON_NAME = AppIcon;
				CLANG_ENABLE_MODULES = YES;
				FRAMEWORK_SEARCH_PATHS = (
					"$(inherited)",
					"$(PROJECT_DIR)",
				);
				INFOPLIST_FILE = Bubs/Info.plist;
				LD_RUNPATH_SEARCH_PATHS = "$(inherited) @executable_path/Frameworks";
				PRODUCT_BUNDLE_IDENTIFIER = com.journeyjots.Bubs;
				PRODUCT_NAME = "$(TARGET_NAME)";
				SWIFT_OBJC_BRIDGING_HEADER = "Bubs/Bubs-Bridging-Header.h";
			};
			name = Release;
		};
		C9074FC61BAF88910088EA1E /* Debug */ = {
			isa = XCBuildConfiguration;
			buildSettings = {
				INFOPLIST_FILE = BubsUITests/Info.plist;
				LD_RUNPATH_SEARCH_PATHS = "$(inherited) @executable_path/Frameworks @loader_path/Frameworks";
				PRODUCT_BUNDLE_IDENTIFIER = com.journeyjots.BubsUITests;
				PRODUCT_NAME = "$(TARGET_NAME)";
				TEST_TARGET_NAME = Bubs;
				USES_XCTRUNNER = YES;
			};
			name = Debug;
		};
		C9074FC71BAF88910088EA1E /* Release */ = {
			isa = XCBuildConfiguration;
			buildSettings = {
				INFOPLIST_FILE = BubsUITests/Info.plist;
				LD_RUNPATH_SEARCH_PATHS = "$(inherited) @executable_path/Frameworks @loader_path/Frameworks";
				PRODUCT_BUNDLE_IDENTIFIER = com.journeyjots.BubsUITests;
				PRODUCT_NAME = "$(TARGET_NAME)";
				TEST_TARGET_NAME = Bubs;
				USES_XCTRUNNER = YES;
			};
			name = Release;
		};
/* End XCBuildConfiguration section */

/* Begin XCConfigurationList section */
		C9074F901BAF88910088EA1E /* Build configuration list for PBXProject "Bubs" */ = {
			isa = XCConfigurationList;
			buildConfigurations = (
				C9074FBD1BAF88910088EA1E /* Debug */,
				C9074FBE1BAF88910088EA1E /* Release */,
			);
			defaultConfigurationIsVisible = 0;
			defaultConfigurationName = Release;
		};
		C9074FBF1BAF88910088EA1E /* Build configuration list for PBXNativeTarget "Bubs" */ = {
			isa = XCConfigurationList;
			buildConfigurations = (
				C9074FC01BAF88910088EA1E /* Debug */,
				C9074FC11BAF88910088EA1E /* Release */,
			);
			defaultConfigurationIsVisible = 0;
			defaultConfigurationName = Release;
		};
		C9074FC51BAF88910088EA1E /* Build configuration list for PBXNativeTarget "BubsUITests" */ = {
			isa = XCConfigurationList;
			buildConfigurations = (
				C9074FC61BAF88910088EA1E /* Debug */,
				C9074FC71BAF88910088EA1E /* Release */,
			);
			defaultConfigurationIsVisible = 0;
			defaultConfigurationName = Release;
		};
/* End XCConfigurationList section */
	};
	rootObject = C9074F8D1BAF88910088EA1E /* Project object */;
}
